
Microsoft Visual Studio Solution File, Format Version 12.00
# Visual Studio 15
VisualStudioVersion = 15.0.26228.9
MinimumVisualStudioVersion = 10.0.40219.1
Project("{2150E333-8FDC-42A3-9474-1A3956D46DE8}") = "Foundation", "Foundation", "{88935919-1AE9-4EC0-AE7B-E162B2619836}"
EndProject
Project("{2150E333-8FDC-42A3-9474-1A3956D46DE8}") = "Feature", "Feature", "{B8032094-0637-409F-860B-EF84A84A5194}"
EndProject
Project("{2150E333-8FDC-42A3-9474-1A3956D46DE8}") = "Project", "Project", "{42C5D79F-FF86-4705-800A-6F9CC0332629}"
EndProject
Project("{2150E333-8FDC-42A3-9474-1A3956D46DE8}") = "Travellogicx", "Travellogicx", "{AC501D60-D27E-47B7-8FBE-E6CD08D0ADE5}"
EndProject
Project("{FAE04EC0-301F-11D3-BF4B-00C04F79EFBC}") = "TravelLogicx.Project.Website", "src\Project\Travellogicx\code\TravelLogicx.Project.Website.csproj", "{6FC6A0DD-A4F0-49DC-9B5E-294390C005F7}"
EndProject
Project("{2150E333-8FDC-42A3-9474-1A3956D46DE8}") = "Accounts", "Accounts", "{B609C0EF-6B6F-48B2-8760-FC63A09610FC}"
EndProject
Project("{2150E333-8FDC-42A3-9474-1A3956D46DE8}") = "Assets", "Assets", "{A2F7A57C-827E-4DB3-901F-5825C6872CB2}"
EndProject
Project("{2150E333-8FDC-42A3-9474-1A3956D46DE8}") = "Theming", "Theming", "{D117C39F-B8EA-428C-870D-6B2C0F7237DB}"
EndProject
Project("{2150E333-8FDC-42A3-9474-1A3956D46DE8}") = "Serialization", "Serialization", "{6A58ECB5-902E-49E0-B7DA-2931DC2C46BC}"
EndProject
Project("{2150E333-8FDC-42A3-9474-1A3956D46DE8}") = "Dictionary", "Dictionary", "{E917B804-6F78-4645-80AB-C00D2FE6F5D9}"
EndProject
Project("{2150E333-8FDC-42A3-9474-1A3956D46DE8}") = "Accounts", "Accounts", "{B3580DB4-DD40-49F7-919D-A705F3DFCAB9}"
EndProject
Project("{2150E333-8FDC-42A3-9474-1A3956D46DE8}") = "Identity", "Identity", "{F7FCCE88-4B2A-42B4-874C-A742F5546633}"
EndProject
Project("{2150E333-8FDC-42A3-9474-1A3956D46DE8}") = "Language", "Language", "{6F3ADAFB-527E-4FBF-A11B-FA09F0CC8CBB}"
EndProject
Project("{2150E333-8FDC-42A3-9474-1A3956D46DE8}") = "Media", "Media", "{AE5FD160-18BD-43A1-95AB-D579D1C00B99}"
EndProject
Project("{2150E333-8FDC-42A3-9474-1A3956D46DE8}") = "Metadata", "Metadata", "{39055B09-AA3B-462E-9D24-9B0E5341FB0F}"
EndProject
Project("{2150E333-8FDC-42A3-9474-1A3956D46DE8}") = "Multisite", "Multisite", "{311BF9FA-EBF7-40FE-9468-CB9D4D5004A8}"
EndProject
Project("{2150E333-8FDC-42A3-9474-1A3956D46DE8}") = "Navigation", "Navigation", "{E14B5925-EF21-49D8-AD69-183D00AA6486}"
EndProject
Project("{2150E333-8FDC-42A3-9474-1A3956D46DE8}") = "PageContent", "PageContent", "{DB98A1D2-D922-4FD7-9628-65C48C8CF620}"
EndProject
Project("{2150E333-8FDC-42A3-9474-1A3956D46DE8}") = "Search", "Search", "{64D69596-589C-43BA-BC2A-F393A3ED141B}"
EndProject
Project("{2150E333-8FDC-42A3-9474-1A3956D46DE8}") = "Social", "Social", "{46246FDC-2119-4D55-86CF-A6AA93E02AEE}"
EndProject
Project("{2150E333-8FDC-42A3-9474-1A3956D46DE8}") = "Teaser", "Teaser", "{D70A181D-3EA7-47E1-B663-2FABC99320EF}"
EndProject
Project("{2150E333-8FDC-42A3-9474-1A3956D46DE8}") = "Common", "Common", "{CB0D76AD-6FBE-48ED-AB0C-F37DED116540}"
EndProject
Project("{FAE04EC0-301F-11D3-BF4B-00C04F79EFBC}") = "TravelLogicx.Feature.Accounts", "src\Feature\Accounts\code\TravelLogicx.Feature.Accounts.csproj", "{4FC5D62B-03E6-47EF-B3EC-BE41E26A35CE}"
EndProject
Project("{FAE04EC0-301F-11D3-BF4B-00C04F79EFBC}") = "TravelLogicx.Feature.Identity", "src\Feature\Identity\code\TravelLogicx.Feature.Identity.csproj", "{67E055B9-EA99-43CE-AC0D-D01374E69786}"
EndProject
Project("{FAE04EC0-301F-11D3-BF4B-00C04F79EFBC}") = "TravelLogicx.Feature.Language", "src\Feature\Language\code\TravelLogicx.Feature.Language.csproj", "{B257B55B-0BD2-4B17-87FF-465699686529}"
EndProject
Project("{FAE04EC0-301F-11D3-BF4B-00C04F79EFBC}") = "TravelLogicx.Feature.Media", "src\Feature\Media\code\TravelLogicx.Feature.Media.csproj", "{2682952F-9ED9-41B6-A0E0-4E2DB8EBEE62}"
EndProject
Project("{FAE04EC0-301F-11D3-BF4B-00C04F79EFBC}") = "TravelLogicx.Feature.Metadata", "src\Feature\Metadata\code\TravelLogicx.Feature.Metadata.csproj", "{75E9077D-C4D8-42D5-B061-E27C166CBEA7}"
EndProject
Project("{FAE04EC0-301F-11D3-BF4B-00C04F79EFBC}") = "TravelLogicx.Feature.Multisite", "src\Feature\Multisite\code\TravelLogicx.Feature.Multisite.csproj", "{FAE2CFAF-DEAD-41D8-9ABF-301A295B0DE4}"
EndProject
Project("{FAE04EC0-301F-11D3-BF4B-00C04F79EFBC}") = "TravelLogicx.Feature.Navigation", "src\Feature\Navigation\code\TravelLogicx.Feature.Navigation.csproj", "{06353137-24A9-406D-B26A-56073D3DA2EF}"
EndProject
Project("{FAE04EC0-301F-11D3-BF4B-00C04F79EFBC}") = "TravelLogicx.Feature.PageContent", "src\Feature\PageContent\code\TravelLogicx.Feature.PageContent.csproj", "{C56C6A03-FFDC-48D9-90EB-260E49F0C165}"
EndProject
Project("{FAE04EC0-301F-11D3-BF4B-00C04F79EFBC}") = "TravelLogicx.Feature.Search", "src\Feature\Search\code\TravelLogicx.Feature.Search.csproj", "{D033ED9E-43EA-4E2E-B74C-15DEA70E6389}"
EndProject
Project("{FAE04EC0-301F-11D3-BF4B-00C04F79EFBC}") = "TravelLogicx.Feature.Social", "src\Feature\Social\code\TravelLogicx.Feature.Social.csproj", "{8D5150BB-A1B1-43C2-BDF8-EF8794B50B13}"
EndProject
Project("{FAE04EC0-301F-11D3-BF4B-00C04F79EFBC}") = "TravelLogicx.Feature.Teaser", "src\Feature\Teaser\code\TravelLogicx.Feature.Teaser.csproj", "{C89CCA1D-7F60-419B-8328-2A5F7AB0291F}"
EndProject
Project("{FAE04EC0-301F-11D3-BF4B-00C04F79EFBC}") = "TravelLogicx.Foundation.Accounts", "src\Foundation\Accounts\code\TravelLogicx.Foundation.Accounts.csproj", "{488BABE7-0E4A-46A0-870C-34C0BA999A6E}"
EndProject
Project("{FAE04EC0-301F-11D3-BF4B-00C04F79EFBC}") = "TravelLogicx.Foundation.Assets", "src\Foundation\Assets\code\TravelLogicx.Foundation.Assets.csproj", "{EFA56739-384E-4876-AE74-748CE5499F2C}"
EndProject
Project("{FAE04EC0-301F-11D3-BF4B-00C04F79EFBC}") = "TravelLogicx.Foundation.Dictionary", "src\Foundation\Dictionary\code\TravelLogicx.Foundation.Dictionary.csproj", "{51CBC37C-1875-42CC-A549-F4C8C6EAB095}"
EndProject
Project("{FAE04EC0-301F-11D3-BF4B-00C04F79EFBC}") = "TravelLogicx.Foundation.Serialization", "src\Foundation\Serialization\code\TravelLogicx.Foundation.Serialization.csproj", "{38B9CD0D-119A-4C47-B5A3-C58C644EB009}"
EndProject
Project("{FAE04EC0-301F-11D3-BF4B-00C04F79EFBC}") = "TravelLogicx.Foundation.Theming", "src\Foundation\Theming\code\TravelLogicx.Foundation.Theming.csproj", "{F4234C54-DEB1-4B52-8D18-931EEC79112F}"
EndProject
Project("{FAE04EC0-301F-11D3-BF4B-00C04F79EFBC}") = "TravelLogicx.Project.Common", "src\Project\Common\code\TravelLogicx.Project.Common.csproj", "{7624321A-1B02-4F81-9BAC-9C1B17DE2D59}"
EndProject
Project("{2150E333-8FDC-42A3-9474-1A3956D46DE8}") = "Configuration", "Configuration", "{A4EE5B7B-8560-471E-A0A3-29F57664C3F2}"
EndProject
Project("{2150E333-8FDC-42A3-9474-1A3956D46DE8}") = "Base", "Base", "{6AF56350-2EA7-418F-A16C-81C61E7D9904}"
EndProject
Project("{FAE04EC0-301F-11D3-BF4B-00C04F79EFBC}") = "TravelLogicx.Foundation.Base", "src\Foundation\Base\code\TravelLogicx.Foundation.Base.csproj", "{EC81476B-9458-4B40-B28D-D77BA0D370EE}"
EndProject
Project("{2150E333-8FDC-42A3-9474-1A3956D46DE8}") = "Dependency Injection", "Dependency Injection", "{372FD31F-B545-4AC8-8E73-A42F52DB088B}"
EndProject
Project("{FAE04EC0-301F-11D3-BF4B-00C04F79EFBC}") = "TravelLogicx.Foundation.DependencyInjection", "src\Foundation\Dependency Injection\code\TravelLogicx.Foundation.DependencyInjection.csproj", "{E7694C5C-306A-41E9-8B81-F91E8C69AE4A}"
EndProject
Global
	GlobalSection(SolutionConfigurationPlatforms) = preSolution
		Debug|Any CPU = Debug|Any CPU
		Release|Any CPU = Release|Any CPU
	EndGlobalSection
	GlobalSection(ProjectConfigurationPlatforms) = postSolution
		{6FC6A0DD-A4F0-49DC-9B5E-294390C005F7}.Debug|Any CPU.ActiveCfg = Debug|Any CPU
		{6FC6A0DD-A4F0-49DC-9B5E-294390C005F7}.Debug|Any CPU.Build.0 = Debug|Any CPU
		{6FC6A0DD-A4F0-49DC-9B5E-294390C005F7}.Release|Any CPU.ActiveCfg = Release|Any CPU
		{6FC6A0DD-A4F0-49DC-9B5E-294390C005F7}.Release|Any CPU.Build.0 = Release|Any CPU
		{4FC5D62B-03E6-47EF-B3EC-BE41E26A35CE}.Debug|Any CPU.ActiveCfg = Debug|Any CPU
		{4FC5D62B-03E6-47EF-B3EC-BE41E26A35CE}.Debug|Any CPU.Build.0 = Debug|Any CPU
		{4FC5D62B-03E6-47EF-B3EC-BE41E26A35CE}.Release|Any CPU.ActiveCfg = Release|Any CPU
		{4FC5D62B-03E6-47EF-B3EC-BE41E26A35CE}.Release|Any CPU.Build.0 = Release|Any CPU
		{67E055B9-EA99-43CE-AC0D-D01374E69786}.Debug|Any CPU.ActiveCfg = Debug|Any CPU
		{67E055B9-EA99-43CE-AC0D-D01374E69786}.Debug|Any CPU.Build.0 = Debug|Any CPU
		{67E055B9-EA99-43CE-AC0D-D01374E69786}.Release|Any CPU.ActiveCfg = Release|Any CPU
		{67E055B9-EA99-43CE-AC0D-D01374E69786}.Release|Any CPU.Build.0 = Release|Any CPU
		{B257B55B-0BD2-4B17-87FF-465699686529}.Debug|Any CPU.ActiveCfg = Debug|Any CPU
		{B257B55B-0BD2-4B17-87FF-465699686529}.Debug|Any CPU.Build.0 = Debug|Any CPU
		{B257B55B-0BD2-4B17-87FF-465699686529}.Release|Any CPU.ActiveCfg = Release|Any CPU
		{B257B55B-0BD2-4B17-87FF-465699686529}.Release|Any CPU.Build.0 = Release|Any CPU
		{2682952F-9ED9-41B6-A0E0-4E2DB8EBEE62}.Debug|Any CPU.ActiveCfg = Debug|Any CPU
		{2682952F-9ED9-41B6-A0E0-4E2DB8EBEE62}.Debug|Any CPU.Build.0 = Debug|Any CPU
		{2682952F-9ED9-41B6-A0E0-4E2DB8EBEE62}.Release|Any CPU.ActiveCfg = Release|Any CPU
		{2682952F-9ED9-41B6-A0E0-4E2DB8EBEE62}.Release|Any CPU.Build.0 = Release|Any CPU
		{75E9077D-C4D8-42D5-B061-E27C166CBEA7}.Debug|Any CPU.ActiveCfg = Debug|Any CPU
		{75E9077D-C4D8-42D5-B061-E27C166CBEA7}.Debug|Any CPU.Build.0 = Debug|Any CPU
		{75E9077D-C4D8-42D5-B061-E27C166CBEA7}.Release|Any CPU.ActiveCfg = Release|Any CPU
		{75E9077D-C4D8-42D5-B061-E27C166CBEA7}.Release|Any CPU.Build.0 = Release|Any CPU
		{FAE2CFAF-DEAD-41D8-9ABF-301A295B0DE4}.Debug|Any CPU.ActiveCfg = Debug|Any CPU
		{FAE2CFAF-DEAD-41D8-9ABF-301A295B0DE4}.Debug|Any CPU.Build.0 = Debug|Any CPU
		{FAE2CFAF-DEAD-41D8-9ABF-301A295B0DE4}.Release|Any CPU.ActiveCfg = Release|Any CPU
		{FAE2CFAF-DEAD-41D8-9ABF-301A295B0DE4}.Release|Any CPU.Build.0 = Release|Any CPU
		{06353137-24A9-406D-B26A-56073D3DA2EF}.Debug|Any CPU.ActiveCfg = Debug|Any CPU
		{06353137-24A9-406D-B26A-56073D3DA2EF}.Debug|Any CPU.Build.0 = Debug|Any CPU
		{06353137-24A9-406D-B26A-56073D3DA2EF}.Release|Any CPU.ActiveCfg = Release|Any CPU
		{06353137-24A9-406D-B26A-56073D3DA2EF}.Release|Any CPU.Build.0 = Release|Any CPU
		{C56C6A03-FFDC-48D9-90EB-260E49F0C165}.Debug|Any CPU.ActiveCfg = Debug|Any CPU
		{C56C6A03-FFDC-48D9-90EB-260E49F0C165}.Debug|Any CPU.Build.0 = Debug|Any CPU
		{C56C6A03-FFDC-48D9-90EB-260E49F0C165}.Release|Any CPU.ActiveCfg = Release|Any CPU
		{C56C6A03-FFDC-48D9-90EB-260E49F0C165}.Release|Any CPU.Build.0 = Release|Any CPU
		{D033ED9E-43EA-4E2E-B74C-15DEA70E6389}.Debug|Any CPU.ActiveCfg = Debug|Any CPU
		{D033ED9E-43EA-4E2E-B74C-15DEA70E6389}.Debug|Any CPU.Build.0 = Debug|Any CPU
		{D033ED9E-43EA-4E2E-B74C-15DEA70E6389}.Release|Any CPU.ActiveCfg = Release|Any CPU
		{D033ED9E-43EA-4E2E-B74C-15DEA70E6389}.Release|Any CPU.Build.0 = Release|Any CPU
		{8D5150BB-A1B1-43C2-BDF8-EF8794B50B13}.Debug|Any CPU.ActiveCfg = Debug|Any CPU
		{8D5150BB-A1B1-43C2-BDF8-EF8794B50B13}.Debug|Any CPU.Build.0 = Debug|Any CPU
		{8D5150BB-A1B1-43C2-BDF8-EF8794B50B13}.Release|Any CPU.ActiveCfg = Release|Any CPU
		{8D5150BB-A1B1-43C2-BDF8-EF8794B50B13}.Release|Any CPU.Build.0 = Release|Any CPU
		{C89CCA1D-7F60-419B-8328-2A5F7AB0291F}.Debug|Any CPU.ActiveCfg = Debug|Any CPU
		{C89CCA1D-7F60-419B-8328-2A5F7AB0291F}.Debug|Any CPU.Build.0 = Debug|Any CPU
		{C89CCA1D-7F60-419B-8328-2A5F7AB0291F}.Release|Any CPU.ActiveCfg = Release|Any CPU
		{C89CCA1D-7F60-419B-8328-2A5F7AB0291F}.Release|Any CPU.Build.0 = Release|Any CPU
		{488BABE7-0E4A-46A0-870C-34C0BA999A6E}.Debug|Any CPU.ActiveCfg = Debug|Any CPU
		{488BABE7-0E4A-46A0-870C-34C0BA999A6E}.Debug|Any CPU.Build.0 = Debug|Any CPU
		{488BABE7-0E4A-46A0-870C-34C0BA999A6E}.Release|Any CPU.ActiveCfg = Release|Any CPU
		{488BABE7-0E4A-46A0-870C-34C0BA999A6E}.Release|Any CPU.Build.0 = Release|Any CPU
		{EFA56739-384E-4876-AE74-748CE5499F2C}.Debug|Any CPU.ActiveCfg = Debug|Any CPU
		{EFA56739-384E-4876-AE74-748CE5499F2C}.Debug|Any CPU.Build.0 = Debug|Any CPU
		{EFA56739-384E-4876-AE74-748CE5499F2C}.Release|Any CPU.ActiveCfg = Release|Any CPU
		{EFA56739-384E-4876-AE74-748CE5499F2C}.Release|Any CPU.Build.0 = Release|Any CPU
		{51CBC37C-1875-42CC-A549-F4C8C6EAB095}.Debug|Any CPU.ActiveCfg = Debug|Any CPU
		{51CBC37C-1875-42CC-A549-F4C8C6EAB095}.Debug|Any CPU.Build.0 = Debug|Any CPU
		{51CBC37C-1875-42CC-A549-F4C8C6EAB095}.Release|Any CPU.ActiveCfg = Release|Any CPU
		{51CBC37C-1875-42CC-A549-F4C8C6EAB095}.Release|Any CPU.Build.0 = Release|Any CPU
		{38B9CD0D-119A-4C47-B5A3-C58C644EB009}.Debug|Any CPU.ActiveCfg = Debug|Any CPU
		{38B9CD0D-119A-4C47-B5A3-C58C644EB009}.Debug|Any CPU.Build.0 = Debug|Any CPU
		{38B9CD0D-119A-4C47-B5A3-C58C644EB009}.Release|Any CPU.ActiveCfg = Release|Any CPU
		{38B9CD0D-119A-4C47-B5A3-C58C644EB009}.Release|Any CPU.Build.0 = Release|Any CPU
		{F4234C54-DEB1-4B52-8D18-931EEC79112F}.Debug|Any CPU.ActiveCfg = Debug|Any CPU
		{F4234C54-DEB1-4B52-8D18-931EEC79112F}.Debug|Any CPU.Build.0 = Debug|Any CPU
		{F4234C54-DEB1-4B52-8D18-931EEC79112F}.Release|Any CPU.ActiveCfg = Release|Any CPU
		{F4234C54-DEB1-4B52-8D18-931EEC79112F}.Release|Any CPU.Build.0 = Release|Any CPU
		{7624321A-1B02-4F81-9BAC-9C1B17DE2D59}.Debug|Any CPU.ActiveCfg = Debug|Any CPU
		{7624321A-1B02-4F81-9BAC-9C1B17DE2D59}.Debug|Any CPU.Build.0 = Debug|Any CPU
		{7624321A-1B02-4F81-9BAC-9C1B17DE2D59}.Release|Any CPU.ActiveCfg = Release|Any CPU
		{7624321A-1B02-4F81-9BAC-9C1B17DE2D59}.Release|Any CPU.Build.0 = Release|Any CPU
		{EC81476B-9458-4B40-B28D-D77BA0D370EE}.Debug|Any CPU.ActiveCfg = Debug|Any CPU
		{EC81476B-9458-4B40-B28D-D77BA0D370EE}.Debug|Any CPU.Build.0 = Debug|Any CPU
		{EC81476B-9458-4B40-B28D-D77BA0D370EE}.Release|Any CPU.ActiveCfg = Release|Any CPU
		{EC81476B-9458-4B40-B28D-D77BA0D370EE}.Release|Any CPU.Build.0 = Release|Any CPU
		{E7694C5C-306A-41E9-8B81-F91E8C69AE4A}.Debug|Any CPU.ActiveCfg = Debug|Any CPU
		{E7694C5C-306A-41E9-8B81-F91E8C69AE4A}.Debug|Any CPU.Build.0 = Debug|Any CPU
		{E7694C5C-306A-41E9-8B81-F91E8C69AE4A}.Release|Any CPU.ActiveCfg = Release|Any CPU
		{E7694C5C-306A-41E9-8B81-F91E8C69AE4A}.Release|Any CPU.Build.0 = Release|Any CPU
	EndGlobalSection
	GlobalSection(SolutionProperties) = preSolution
		HideSolutionNode = FALSE
	EndGlobalSection
	GlobalSection(NestedProjects) = preSolution
		{AC501D60-D27E-47B7-8FBE-E6CD08D0ADE5} = {42C5D79F-FF86-4705-800A-6F9CC0332629}
		{6FC6A0DD-A4F0-49DC-9B5E-294390C005F7} = {AC501D60-D27E-47B7-8FBE-E6CD08D0ADE5}
		{B609C0EF-6B6F-48B2-8760-FC63A09610FC} = {88935919-1AE9-4EC0-AE7B-E162B2619836}
		{A2F7A57C-827E-4DB3-901F-5825C6872CB2} = {88935919-1AE9-4EC0-AE7B-E162B2619836}
		{D117C39F-B8EA-428C-870D-6B2C0F7237DB} = {88935919-1AE9-4EC0-AE7B-E162B2619836}
		{6A58ECB5-902E-49E0-B7DA-2931DC2C46BC} = {88935919-1AE9-4EC0-AE7B-E162B2619836}
		{E917B804-6F78-4645-80AB-C00D2FE6F5D9} = {88935919-1AE9-4EC0-AE7B-E162B2619836}
		{B3580DB4-DD40-49F7-919D-A705F3DFCAB9} = {B8032094-0637-409F-860B-EF84A84A5194}
		{F7FCCE88-4B2A-42B4-874C-A742F5546633} = {B8032094-0637-409F-860B-EF84A84A5194}
		{6F3ADAFB-527E-4FBF-A11B-FA09F0CC8CBB} = {B8032094-0637-409F-860B-EF84A84A5194}
		{AE5FD160-18BD-43A1-95AB-D579D1C00B99} = {B8032094-0637-409F-860B-EF84A84A5194}
		{39055B09-AA3B-462E-9D24-9B0E5341FB0F} = {B8032094-0637-409F-860B-EF84A84A5194}
		{311BF9FA-EBF7-40FE-9468-CB9D4D5004A8} = {B8032094-0637-409F-860B-EF84A84A5194}
		{E14B5925-EF21-49D8-AD69-183D00AA6486} = {B8032094-0637-409F-860B-EF84A84A5194}
		{DB98A1D2-D922-4FD7-9628-65C48C8CF620} = {B8032094-0637-409F-860B-EF84A84A5194}
		{64D69596-589C-43BA-BC2A-F393A3ED141B} = {B8032094-0637-409F-860B-EF84A84A5194}
		{46246FDC-2119-4D55-86CF-A6AA93E02AEE} = {B8032094-0637-409F-860B-EF84A84A5194}
		{D70A181D-3EA7-47E1-B663-2FABC99320EF} = {B8032094-0637-409F-860B-EF84A84A5194}
		{CB0D76AD-6FBE-48ED-AB0C-F37DED116540} = {42C5D79F-FF86-4705-800A-6F9CC0332629}
		{4FC5D62B-03E6-47EF-B3EC-BE41E26A35CE} = {B3580DB4-DD40-49F7-919D-A705F3DFCAB9}
		{67E055B9-EA99-43CE-AC0D-D01374E69786} = {F7FCCE88-4B2A-42B4-874C-A742F5546633}
		{B257B55B-0BD2-4B17-87FF-465699686529} = {6F3ADAFB-527E-4FBF-A11B-FA09F0CC8CBB}
		{2682952F-9ED9-41B6-A0E0-4E2DB8EBEE62} = {AE5FD160-18BD-43A1-95AB-D579D1C00B99}
		{75E9077D-C4D8-42D5-B061-E27C166CBEA7} = {39055B09-AA3B-462E-9D24-9B0E5341FB0F}
		{FAE2CFAF-DEAD-41D8-9ABF-301A295B0DE4} = {311BF9FA-EBF7-40FE-9468-CB9D4D5004A8}
		{06353137-24A9-406D-B26A-56073D3DA2EF} = {E14B5925-EF21-49D8-AD69-183D00AA6486}
		{C56C6A03-FFDC-48D9-90EB-260E49F0C165} = {DB98A1D2-D922-4FD7-9628-65C48C8CF620}
		{D033ED9E-43EA-4E2E-B74C-15DEA70E6389} = {64D69596-589C-43BA-BC2A-F393A3ED141B}
		{8D5150BB-A1B1-43C2-BDF8-EF8794B50B13} = {46246FDC-2119-4D55-86CF-A6AA93E02AEE}
		{C89CCA1D-7F60-419B-8328-2A5F7AB0291F} = {D70A181D-3EA7-47E1-B663-2FABC99320EF}
		{488BABE7-0E4A-46A0-870C-34C0BA999A6E} = {B609C0EF-6B6F-48B2-8760-FC63A09610FC}
		{EFA56739-384E-4876-AE74-748CE5499F2C} = {A2F7A57C-827E-4DB3-901F-5825C6872CB2}
		{51CBC37C-1875-42CC-A549-F4C8C6EAB095} = {E917B804-6F78-4645-80AB-C00D2FE6F5D9}
		{38B9CD0D-119A-4C47-B5A3-C58C644EB009} = {6A58ECB5-902E-49E0-B7DA-2931DC2C46BC}
		{F4234C54-DEB1-4B52-8D18-931EEC79112F} = {D117C39F-B8EA-428C-870D-6B2C0F7237DB}
		{7624321A-1B02-4F81-9BAC-9C1B17DE2D59} = {CB0D76AD-6FBE-48ED-AB0C-F37DED116540}
		{6AF56350-2EA7-418F-A16C-81C61E7D9904} = {88935919-1AE9-4EC0-AE7B-E162B2619836}
		{EC81476B-9458-4B40-B28D-D77BA0D370EE} = {6AF56350-2EA7-418F-A16C-81C61E7D9904}
		{372FD31F-B545-4AC8-8E73-A42F52DB088B} = {88935919-1AE9-4EC0-AE7B-E162B2619836}
		{E7694C5C-306A-41E9-8B81-F91E8C69AE4A} = {372FD31F-B545-4AC8-8E73-A42F52DB088B}
	EndGlobalSection
EndGlobal
